
Microsoft Visual Studio Solution File, Format Version 12.00
# Visual Studio Version 17
VisualStudioVersion = 17.11.35312.102
MinimumVisualStudioVersion = 10.0.40219.1
Project("{FAE04EC0-301F-11D3-BF4B-00C04F79EFBC}") = "Sharp animator", "Sharp animator\Sharp animator.csproj", "{765B552D-517B-475D-B74F-A9B3F6C27931}"
EndProject
Global
	GlobalSection(SolutionConfigurationPlatforms) = preSolution
		Debug|Any CPU = Debug|Any CPU
		Release|Any CPU = Release|Any CPU
	EndGlobalSection
	GlobalSection(ProjectConfigurationPlatforms) = postSolution
		{765B552D-517B-475D-B74F-A9B3F6C27931}.Debug|Any CPU.ActiveCfg = Debug|Any CPU
		{765B552D-517B-475D-B74F-A9B3F6C27931}.Debug|Any CPU.Build.0 = Debug|Any CPU
		{765B552D-517B-475D-B74F-A9B3F6C27931}.Release|Any CPU.ActiveCfg = Release|Any CPU
		{765B552D-517B-475D-B74F-A9B3F6C27931}.Release|Any CPU.Build.0 = Release|Any CPU
	EndGlobalSection
	GlobalSection(SolutionProperties) = preSolution
		HideSolutionNode = FALSE
	EndGlobalSection
	GlobalSection(ExtensibilityGlobals) = postSolution
		SolutionGuid = {E720C27C-BA39-4F3D-B5AF-0ECBECA17FFF}
	EndGlobalSection
EndGlobal
